
Microsoft Visual Studio Solution File, Format Version 12.00
# Visual Studio Version 16
VisualStudioVersion = 16.0.30611.23
MinimumVisualStudioVersion = 10.0.40219.1
Project("{FAE04EC0-301F-11D3-BF4B-00C04F79EFBC}") = "FilterTuneLibrary", "FilterTuneLibrary\FilterTuneLibrary.csproj", "{149AA854-36AD-4D38-8011-D9C74BDCAAF8}"
EndProject
Global
	GlobalSection(SolutionConfigurationPlatforms) = preSolution
		Debug|Any CPU = Debug|Any CPU
		Release|Any CPU = Release|Any CPU
	EndGlobalSection
	GlobalSection(ProjectConfigurationPlatforms) = postSolution
		{149AA854-36AD-4D38-8011-D9C74BDCAAF8}.Debug|Any CPU.ActiveCfg = Debug|Any CPU
		{149AA854-36AD-4D38-8011-D9C74BDCAAF8}.Debug|Any CPU.Build.0 = Debug|Any CPU
		{149AA854-36AD-4D38-8011-D9C74BDCAAF8}.Release|Any CPU.ActiveCfg = Release|Any CPU
		{149AA854-36AD-4D38-8011-D9C74BDCAAF8}.Release|Any CPU.Build.0 = Release|Any CPU
	EndGlobalSection
	GlobalSection(SolutionProperties) = preSolution
		HideSolutionNode = FALSE
	EndGlobalSection
	GlobalSection(ExtensibilityGlobals) = postSolution
		SolutionGuid = {046A2034-65C7-4346-B1D7-181199B4A491}
	EndGlobalSection
EndGlobal
